
Microsoft Visual Studio Solution File, Format Version 12.00
# Visual Studio 15
VisualStudioVersion = 15.0.28307.572
MinimumVisualStudioVersion = 10.0.40219.1
Project("{FAE04EC0-301F-11D3-BF4B-00C04F79EFBC}") = "AssetManagementAngularProject", "AssetManagementAngularProject\AssetManagementAngularProject.csproj", "{58A910A3-FC75-4660-8BE7-ADEA84C90FA7}"
EndProject
Global
	GlobalSection(SolutionConfigurationPlatforms) = preSolution
		Debug|Any CPU = Debug|Any CPU
		Release|Any CPU = Release|Any CPU
	EndGlobalSection
	GlobalSection(ProjectConfigurationPlatforms) = postSolution
		{58A910A3-FC75-4660-8BE7-ADEA84C90FA7}.Debug|Any CPU.ActiveCfg = Debug|Any CPU
		{58A910A3-FC75-4660-8BE7-ADEA84C90FA7}.Debug|Any CPU.Build.0 = Debug|Any CPU
		{58A910A3-FC75-4660-8BE7-ADEA84C90FA7}.Release|Any CPU.ActiveCfg = Release|Any CPU
		{58A910A3-FC75-4660-8BE7-ADEA84C90FA7}.Release|Any CPU.Build.0 = Release|Any CPU
	EndGlobalSection
	GlobalSection(SolutionProperties) = preSolution
		HideSolutionNode = FALSE
	EndGlobalSection
	GlobalSection(ExtensibilityGlobals) = postSolution
		SolutionGuid = {44E55E38-0490-429A-A267-689CB423AA8F}
	EndGlobalSection
EndGlobal
